{
  "name": "install-claude-workflow-v2",
  "version": "2.0.6",
  "lockfileVersion": 3,
  "requires": true,
  "packages": {
    "": {
      "name": "install-claude-workflow-v2",
      "version": "2.0.6",
      "license": "MIT",
      "dependencies": {
        "degit": "^3.6.5"
      },
      "bin": {
        "install-claude-workflow-v2": "bin/cli.js"
      },
      "engines": {
        "node": ">=16.0.0"
      }
    },
    "node_modules/degit": {
      "version": "3.6.5",
      "resolved": "https://registry.npmjs.org/degit/-/degit-3.6.5.tgz",
      "integrity": "sha512-fsuox5eN/esXkevzqVpfWBNNMKeWBMBkNUJCtwPhyZZCE8WdaziUXrg3YUpSjDF0885nX27uV1sI+OeA8ddTsg==",
      "license": "MIT",
      "bin": {
        "degit": "degit"
      },
      "engines": {
        "node": ">=20.0.0"
      }
    }
  }
}
