{
  "name": "install-claude-workflow-v2",
  "version": "2.0.6",
  "lockfileVersion": 3,
  "requires": true,
  "packages": {
    "": {
      "name": "install-claude-workflow-v2",
      "version": "2.0.6",
      "license": "MIT",
      "dependencies": {
        "degit": "^3.7.0"
      },
      "bin": {
        "install-claude-workflow-v2": "bin/cli.js"
      },
      "engines": {
        "node": ">=16.0.0"
      }
    },
    "node_modules/degit": {
      "version": "3.7.0",
      "resolved": "https://registry.npmjs.org/degit/-/degit-3.7.0.tgz",
      "integrity": "sha512-eQWGfEdkkFTeqrKRS4BeYGatRI9Z5uIDN+eJ/XbxbsgRB7C62GP4L+FPmZmnkoDIU1bbxkZBoCaIz0LT8CCPZg==",
      "license": "MIT",
      "bin": {
        "degit": "degit"
      },
      "engines": {
        "node": ">=20.0.0"
      }
    }
  }
}
