{
  "name": "install-claude-workflow-v2",
  "version": "2.0.6",
  "lockfileVersion": 3,
  "requires": true,
  "packages": {
    "": {
      "name": "install-claude-workflow-v2",
      "version": "2.0.6",
      "license": "MIT",
      "dependencies": {
        "degit": "^3.3.2"
      },
      "bin": {
        "install-claude-workflow-v2": "bin/cli.js"
      },
      "engines": {
        "node": ">=16.0.0"
      }
    },
    "node_modules/degit": {
      "version": "3.3.2",
      "resolved": "https://registry.npmjs.org/degit/-/degit-3.3.2.tgz",
      "integrity": "sha512-rzktlX74xtTbsH64Iy2rktaCzUejyV70K3DIQ1/GtEHS+8sBaFKEzdEfnDDRy076r9gWGcxsMwOzhYnkWKq1tA==",
      "license": "MIT",
      "bin": {
        "degit": "degit"
      },
      "engines": {
        "node": ">=20.0.0"
      }
    }
  }
}
